// !$*UTF8*$!
{
	archiveVersion = 1;
	classes = {
	};
	objectVersion = 50;
	objects = {

/* Begin PBXBuildFile section */
		528DE9D1264CE8D80003D331 /* AppDelegate.swift in Sources */ = {isa = PBXBuildFile; fileRef = 528DE9D0264CE8D80003D331 /* AppDelegate.swift */; };
		528DE9D3264CE8D80003D331 /* SceneDelegate.swift in Sources */ = {isa = PBXBuildFile; fileRef = 528DE9D2264CE8D80003D331 /* SceneDelegate.swift */; };
		528DE9D5264CE8D80003D331 /* ViewController.swift in Sources */ = {isa = PBXBuildFile; fileRef = 528DE9D4264CE8D80003D331 /* ViewController.swift */; };
		528DE9D8264CE8D80003D331 /* Main.storyboard in Resources */ = {isa = PBXBuildFile; fileRef = 528DE9D6264CE8D80003D331 /* Main.storyboard */; };
		528DE9DA264CE8DB0003D331 /* Assets.xcassets in Resources */ = {isa = PBXBuildFile; fileRef = 528DE9D9264CE8DB0003D331 /* Assets.xcassets */; };
		528DE9DD264CE8DB0003D331 /* LaunchScreen.storyboard in Resources */ = {isa = PBXBuildFile; fileRef = 528DE9DB264CE8DB0003D331 /* LaunchScreen.storyboard */; };
/* End PBXBuildFile section */

/* Begin PBXFileReference section */
		528DE9CD264CE8D80003D331 /* Frappuccino.app */ = {isa = PBXFileReference; explicitFileType = wrapper.application; includeInIndex = 0; path = Frappuccino.app; sourceTree = BUILT_PRODUCTS_DIR; };
		528DE9D0264CE8D80003D331 /* AppDelegate.swift */ = {isa = PBXFileReference; lastKnownFileType = sourcecode.swift; path = AppDelegate.swift; sourceTree = "<group>"; };
		528DE9D2264CE8D80003D331 /* SceneDelegate.swift */ = {isa = PBXFileReference; lastKnownFileType = sourcecode.swift; path = SceneDelegate.swift; sourceTree = "<group>"; };
		528DE9D4264CE8D80003D331 /* ViewController.swift */ = {isa = PBXFileReference; lastKnownFileType = sourcecode.swift; path = ViewController.swift; sourceTree = "<group>"; };
		528DE9D7264CE8D80003D331 /* Base */ = {isa = PBXFileReference; lastKnownFileType = file.storyboard; name = Base; path = Base.lproj/Main.storyboard; sourceTree = "<group>"; };
		528DE9D9264CE8DB0003D331 /* Assets.xcassets */ = {isa = PBXFileReference; lastKnownFileType = folder.assetcatalog; path = Assets.xcassets; sourceTree = "<group>"; };
		528DE9DC264CE8DB0003D331 /* Base */ = {isa = PBXFileReference; lastKnownFileType = file.storyboard; name = Base; path = Base.lproj/LaunchScreen.storyboard; sourceTree = "<group>"; };
		528DE9DE264CE8DB0003D331 /* Info.plist */ = {isa = PBXFileReference; lastKnownFileType = text.plist.xml; path = Info.plist; sourceTree = "<group>"; };
/* End PBXFileReference section */

/* Begin PBXFrameworksBuildPhase section */
		528DE9CA264CE8D80003D331 /* Frameworks */ = {
			isa = PBXFrameworksBuildPhase;
			buildActionMask = 2147483647;
			files = (
			);
			runOnlyForDeploymentPostprocessing = 0;
		};
/* End PBXFrameworksBuildPhase section */

/* Begin PBXGroup section */
		528DE9C4264CE8D80003D331 = {
			isa = PBXGroup;
			children = (
				528DE9CF264CE8D80003D331 /* Frappuccino */,
				528DE9CE264CE8D80003D331 /* Products */,
			);
			sourceTree = "<group>";
		};
		528DE9CE264CE8D80003D331 /* Products */ = {
			isa = PBXGroup;
			children = (
				528DE9CD264CE8D80003D331 /* Frappuccino.app */,
			);
			name = Products;
			sourceTree = "<group>";
		};
		528DE9CF264CE8D80003D331 /* Frappuccino */ = {
			isa = PBXGroup;
			children = (
				528DE9D0264CE8D80003D331 /* AppDelegate.swift */,
				528DE9D2264CE8D80003D331 /* SceneDelegate.swift */,
				528DE9D4264CE8D80003D331 /* ViewController.swift */,
				528DE9D6264CE8D80003D331 /* Main.storyboard */,
				528DE9D9264CE8DB0003D331 /* Assets.xcassets */,
				528DE9DB264CE8DB0003D331 /* LaunchScreen.storyboard */,
				528DE9DE264CE8DB0003D331 /* Info.plist */,
			);
			path = Frappuccino;
			sourceTree = "<group>";
		};
/* End PBXGroup section */

/* Begin PBXNativeTarget section */
		528DE9CC264CE8D80003D331 /* Frappuccino */ = {
			isa = PBXNativeTarget;
			buildConfigurationList = 528DE9E1264CE8DB0003D331 /* Build configuration list for PBXNativeTarget "Frappuccino" */;
			buildPhases = (
				528DE9C9264CE8D80003D331 /* Sources */,
				528DE9CA264CE8D80003D331 /* Frameworks */,
				528DE9CB264CE8D80003D331 /* Resources */,
			);
			buildRules = (
			);
			dependencies = (
			);
			name = Frappuccino;
			productName = Frappuccino;
			productReference = 528DE9CD264CE8D80003D331 /* Frappuccino.app */;
			productType = "com.apple.product-type.application";
		};
/* End PBXNativeTarget section */

/* Begin PBXProject section */
		528DE9C5264CE8D80003D331 /* Project object */ = {
			isa = PBXProject;
			attributes = {
				LastSwiftUpdateCheck = 1250;
				LastUpgradeCheck = 1250;
				TargetAttributes = {
					528DE9CC264CE8D80003D331 = {
						CreatedOnToolsVersion = 12.5;
					};
				};
			};
			buildConfigurationList = 528DE9C8264CE8D80003D331 /* Build configuration list for PBXProject "Frappuccino" */;
			compatibilityVersion = "Xcode 9.3";
			developmentRegion = en;
			hasScannedForEncodings = 0;
			knownRegions = (
				en,
				Base,
			);
			mainGroup = 528DE9C4264CE8D80003D331;
			productRefGroup = 528DE9CE264CE8D80003D331 /* Products */;
			projectDirPath = "";
			projectRoot = "";
			targets = (
				528DE9CC264CE8D80003D331 /* Frappuccino */,
			);
		};
/* End PBXProject section */

/* Begin PBXResourcesBuildPhase section */
		528DE9CB264CE8D80003D331 /* Resources */ = {
			isa = PBXResourcesBuildPhase;
			buildActionMask = 2147483647;
			files = (
				528DE9DD264CE8DB0003D331 /* LaunchScreen.storyboard in Resources */,
				528DE9DA264CE8DB0003D331 /* Assets.xcassets in Resources */,
				528DE9D8264CE8D80003D331 /* Main.storyboard in Resources */,
			);
			runOnlyForDeploymentPostprocessing = 0;
		};
/* End PBXResourcesBuildPhase section */

/* Begin PBXSourcesBuildPhase section */
		528DE9C9264CE8D80003D331 /* Sources */ = {
			isa = PBXSourcesBuildPhase;
			buildActionMask = 2147483647;
			files = (
				528DE9D5264CE8D80003D331 /* ViewController.swift in Sources */,
				528DE9D1264CE8D80003D331 /* AppDelegate.swift in Sources */,
				528DE9D3264CE8D80003D331 /* SceneDelegate.swift in Sources */,
			);
			runOnlyForDeploymentPostprocessing = 0;
		};
/* End PBXSourcesBuildPhase section */

/* Begin PBXVariantGroup section */
		528DE9D6264CE8D80003D331 /* Main.storyboard */ = {
			isa = PBXVariantGroup;
			children = (
				528DE9D7264CE8D80003D331 /* Base */,
			);
			name = Main.storyboard;
			sourceTree = "<group>";
		};
		528DE9DB264CE8DB0003D331 /* LaunchScreen.storyboard */ = {
			isa = PBXVariantGroup;
			children = (
				528DE9DC264CE8DB0003D331 /* Base */,
			);
			name = LaunchScreen.storyboard;
			sourceTree = "<group>";
		};
/* End PBXVariantGroup section */

/* Begin XCBuildConfiguration section */
		528DE9DF264CE8DB0003D331 /* Debug */ = {
			isa = XCBuildConfiguration;
			buildSettings = {
				ALWAYS_SEARCH_USER_PATHS = NO;
				CLANG_ANALYZER_NONNULL = YES;
				CLANG_ANALYZER_NUMBER_OBJECT_CONVERSION = YES_AGGRESSIVE;
				CLANG_CXX_LANGUAGE_STANDARD = "gnu++14";
				CLANG_CXX_LIBRARY = "libc++";
				CLANG_ENABLE_MODULES = YES;
				CLANG_ENABLE_OBJC_ARC = YES;
				CLANG_ENABLE_OBJC_WEAK = YES;
				CLANG_WARN_BLOCK_CAPTURE_AUTORELEASING = YES;
				CLANG_WARN_BOOL_CONVERSION = YES;
				CLANG_WARN_COMMA = YES;
				CLANG_WARN_CONSTANT_CONVERSION = YES;
				CLANG_WARN_DEPRECATED_OBJC_IMPLEMENTATIONS = YES;
				CLANG_WARN_DIRECT_OBJC_ISA_USAGE = YES_ERROR;
				CLANG_WARN_DOCUMENTATION_COMMENTS = YES;
				CLANG_WARN_EMPTY_BODY = YES;
				CLANG_WARN_ENUM_CONVERSION = YES;
				CLANG_WARN_INFINITE_RECURSION = YES;
				CLANG_WARN_INT_CONVERSION = YES;
				CLANG_WARN_NON_LITERAL_NULL_CONVERSION = YES;
				CLANG_WARN_OBJC_IMPLICIT_RETAIN_SELF = YES;
				CLANG_WARN_OBJC_LITERAL_CONVERSION = YES;
				CLANG_WARN_OBJC_ROOT_CLASS = YES_ERROR;
				CLANG_WARN_QUOTED_INCLUDE_IN_FRAMEWORK_HEADER = YES;
				CLANG_WARN_RANGE_LOOP_ANALYSIS = YES;
				CLANG_WARN_STRICT_PROTOTYPES = YES;
				CLANG_WARN_SUSPICIOUS_MOVE = YES;
				CLANG_WARN_UNGUARDED_AVAILABILITY = YES_AGGRESSIVE;
				CLANG_WARN_UNREACHABLE_CODE = YES;
				CLANG_WARN__DUPLICATE_METHOD_MATCH = YES;
				COPY_PHASE_STRIP = NO;
				DEBUG_INFORMATION_FORMAT = dwarf;
				ENABLE_STRICT_OBJC_MSGSEND = YES;
				ENABLE_TESTABILITY = YES;
				GCC_C_LANGUAGE_STANDARD = gnu11;
				GCC_DYNAMIC_NO_PIC = NO;
				GCC_NO_COMMON_BLOCKS = YES;
				GCC_OPTIMIZATION_LEVEL = 0;
				GCC_PREPROCESSOR_DEFINITIONS = (
					"DEBUG=1",
					"$(inherited)",
				);
				GCC_WARN_64_TO_32_BIT_CONVERSION = YES;
				GCC_WARN_ABOUT_RETURN_TYPE = YES_ERROR;
				GCC_WARN_UNDECLARED_SELECTOR = YES;
				GCC_WARN_UNINITIALIZED_AUTOS = YES_AGGRESSIVE;
				GCC_WARN_UNUSED_FUNCTION = YES;
				GCC_WARN_UNUSED_VARIABLE = YES;
				IPHONEOS_DEPLOYMENT_TARGET = 14.5;
				MTL_ENABLE_DEBUG_INFO = INCLUDE_SOURCE;
				MTL_FAST_MATH = YES;
				ONLY_ACTIVE_ARCH = YES;
				SDKROOT = iphoneos;
				SWIFT_ACTIVE_COMPILATION_CONDITIONS = DEBUG;
				SWIFT_OPTIMIZATION_LEVEL = "-Onone";
			};
			name = Debug;
		};
		528DE9E0264CE8DB0003D331 /* Release */ = {
			isa = XCBuildConfiguration;
			buildSettings = {
				ALWAYS_SEARCH_USER_PATHS = NO;
				CLANG_ANALYZER_NONNULL = YES;
				CLANG_ANALYZER_NUMBER_OBJECT_CONVERSION = YES_AGGRESSIVE;
				CLANG_CXX_LANGUAGE_STANDARD = "gnu++14";
				CLANG_CXX_LIBRARY = "libc++";
				CLANG_ENABLE_MODULES = YES;
				CLANG_ENABLE_OBJC_ARC = YES;
				CLANG_ENABLE_OBJC_WEAK = YES;
				CLANG_WARN_BLOCK_CAPTURE_AUTORELEASING = YES;
				CLANG_WARN_BOOL_CONVERSION = YES;
				CLANG_WARN_COMMA = YES;
				CLANG_WARN_CONSTANT_CONVERSION = YES;
				CLANG_WARN_DEPRECATED_OBJC_IMPLEMENTATIONS = YES;
				CLANG_WARN_DIRECT_OBJC_ISA_USAGE = YES_ERROR;
				CLANG_WARN_DOCUMENTATION_COMMENTS = YES;
				CLANG_WARN_EMPTY_BODY = YES;
				CLANG_WARN_ENUM_CONVERSION = YES;
				CLANG_WARN_INFINITE_RECURSION = YES;
				CLANG_WARN_INT_CONVERSION = YES;
				CLANG_WARN_NON_LITERAL_NULL_CONVERSION = YES;
				CLANG_WARN_OBJC_IMPLICIT_RETAIN_SELF = YES;
				CLANG_WARN_OBJC_LITERAL_CONVERSION = YES;
				CLANG_WARN_OBJC_ROOT_CLASS = YES_ERROR;
				CLANG_WARN_QUOTED_INCLUDE_IN_FRAMEWORK_HEADER = YES;
				CLANG_WARN_RANGE_LOOP_ANALYSIS = YES;
				CLANG_WARN_STRICT_PROTOTYPES = YES;
				CLANG_WARN_SUSPICIOUS_MOVE = YES;
				CLANG_WARN_UNGUARDED_AVAILABILITY = YES_AGGRESSIVE;
				CLANG_WARN_UNREACHABLE_CODE = YES;
				CLANG_WARN__DUPLICATE_METHOD_MATCH = YES;
				COPY_PHASE_STRIP = NO;
				DEBUG_INFORMATION_FORMAT = "dwarf-with-dsym";
				ENABLE_NS_ASSERTIONS = NO;
				ENABLE_STRICT_OBJC_MSGSEND = YES;
				GCC_C_LANGUAGE_STANDARD = gnu11;
				GCC_NO_COMMON_BLOCKS = YES;
				GCC_WARN_64_TO_32_BIT_CONVERSION = YES;
				GCC_WARN_ABOUT_RETURN_TYPE = YES_ERROR;
				GCC_WARN_UNDECLARED_SELECTOR = YES;
				GCC_WARN_UNINITIALIZED_AUTOS = YES_AGGRESSIVE;
				GCC_WARN_UNUSED_FUNCTION = YES;
				GCC_WARN_UNUSED_VARIABLE = YES;
				IPHONEOS_DEPLOYMENT_TARGET = 14.5;
				MTL_ENABLE_DEBUG_INFO = NO;
				MTL_FAST_MATH = YES;
				SDKROOT = iphoneos;
				SWIFT_COMPILATION_MODE = wholemodule;
				SWIFT_OPTIMIZATION_LEVEL = "-O";
				VALIDATE_PRODUCT = YES;
			};
			name = Release;
		};
		528DE9E2264CE8DB0003D331 /* Debug */ = {
			isa = XCBuildConfiguration;
			buildSettings = {
				ASSETCATALOG_COMPILER_APPICON_NAME = AppIcon;
				ASSETCATALOG_COMPILER_GLOBAL_ACCENT_COLOR_NAME = AccentColor;
				CODE_SIGN_STYLE = Automatic;
				INFOPLIST_FILE = Frappuccino/Info.plist;
				LD_RUNPATH_SEARCH_PATHS = (
					"$(inherited)",
					"@executable_path/Frameworks",
				);
				PRODUCT_BUNDLE_IDENTIFIER = com.john.Frappuccino;
				PRODUCT_NAME = "$(TARGET_NAME)";
				SWIFT_VERSION = 5.0;
				TARGETED_DEVICE_FAMILY = "1,2";
			};
			name = Debug;
		};
		528DE9E3264CE8DB0003D331 /* Release */ = {
			isa = XCBuildConfiguration;
			buildSettings = {
				ASSETCATALOG_COMPILER_APPICON_NAME = AppIcon;
				ASSETCATALOG_COMPILER_GLOBAL_ACCENT_COLOR_NAME = AccentColor;
				CODE_SIGN_STYLE = Automatic;
				INFOPLIST_FILE = Frappuccino/Info.plist;
				LD_RUNPATH_SEARCH_PATHS = (
					"$(inherited)",
					"@executable_path/Frameworks",
				);
				PRODUCT_BUNDLE_IDENTIFIER = com.john.Frappuccino;
				PRODUCT_NAME = "$(TARGET_NAME)";
				SWIFT_VERSION = 5.0;
				TARGETED_DEVICE_FAMILY = "1,2";
			};
			name = Release;
		};
/* End XCBuildConfiguration section */

/* Begin XCConfigurationList section */
		528DE9C8264CE8D80003D331 /* Build configuration list for PBXProject "Frappuccino" */ = {
			isa = XCConfigurationList;
			buildConfigurations = (
				528DE9DF264CE8DB0003D331 /* Debug */,
				528DE9E0264CE8DB0003D331 /* Release */,
			);
			defaultConfigurationIsVisible = 0;
			defaultConfigurationName = Release;
		};
		528DE9E1264CE8DB0003D331 /* Build configuration list for PBXNativeTarget "Frappuccino" */ = {
			isa = XCConfigurationList;
			buildConfigurations = (
				528DE9E2264CE8DB0003D331 /* Debug */,
				528DE9E3264CE8DB0003D331 /* Release */,
			);
			defaultConfigurationIsVisible = 0;
			defaultConfigurationName = Release;
		};
/* End XCConfigurationList section */
	};
	rootObject = 528DE9C5264CE8D80003D331 /* Project object */;
}
